PODS:
  - MobileCenter (0.10.1):
    - MobileCenter/Analytics (= 0.10.1)
    - MobileCenter/Crashes (= 0.10.1)
  - MobileCenter/Analytics (0.10.1):
    - MobileCenter/Core
  - MobileCenter/Core (0.10.1)
  - MobileCenter/Crashes (0.10.1):
    - MobileCenter/Core
  - MobileCenter/Push (0.10.1):
    - MobileCenter/Core

DEPENDENCIES:
  - MobileCenter
  - MobileCenter/Push

SPEC CHECKSUMS:
  MobileCenter: 2ef7c02fd337dbde11cf15552c2006db2c3774c3

PODFILE CHECKSUM: 02f9fb04b6c144696f30e84fed00540fc9d74783

COCOAPODS: 1.2.1
